
Microsoft Visual Studio Solution File, Format Version 12.00
# Visual Studio Version 17
VisualStudioVersion = 17.12.35514.174
MinimumVisualStudioVersion = 10.0.40219.1
Project("{FAE04EC0-301F-11D3-BF4B-00C04F79EFBC}") = "SeneekiMod", "SeneekiMod.csproj", "{13C24549-5B2A-4641-9DA0-47773B7C4094}"
EndProject
Global
	GlobalSection(SolutionConfigurationPlatforms) = preSolution
		alpha|Any CPU = alpha|Any CPU
		alpha|x64 = alpha|x64
		Debug|Any CPU = Debug|Any CPU
		Debug|x64 = Debug|x64
		Release|Any CPU = Release|Any CPU
		Release|x64 = Release|x64
	EndGlobalSection
	GlobalSection(ProjectConfigurationPlatforms) = postSolution
		{13C24549-5B2A-4641-9DA0-47773B7C4094}.alpha|Any CPU.ActiveCfg = alpha|Any CPU
		{13C24549-5B2A-4641-9DA0-47773B7C4094}.alpha|Any CPU.Build.0 = alpha|Any CPU
		{13C24549-5B2A-4641-9DA0-47773B7C4094}.alpha|x64.ActiveCfg = alpha|x64
		{13C24549-5B2A-4641-9DA0-47773B7C4094}.alpha|x64.Build.0 = alpha|x64
		{13C24549-5B2A-4641-9DA0-47773B7C4094}.Debug|Any CPU.ActiveCfg = Debug|Any CPU
		{13C24549-5B2A-4641-9DA0-47773B7C4094}.Debug|Any CPU.Build.0 = Debug|Any CPU
		{13C24549-5B2A-4641-9DA0-47773B7C4094}.Debug|x64.ActiveCfg = Debug|x64
		{13C24549-5B2A-4641-9DA0-47773B7C4094}.Debug|x64.Build.0 = Debug|x64
		{13C24549-5B2A-4641-9DA0-47773B7C4094}.Release|Any CPU.ActiveCfg = Release|Any CPU
		{13C24549-5B2A-4641-9DA0-47773B7C4094}.Release|Any CPU.Build.0 = Release|Any CPU
		{13C24549-5B2A-4641-9DA0-47773B7C4094}.Release|x64.ActiveCfg = Release|x64
		{13C24549-5B2A-4641-9DA0-47773B7C4094}.Release|x64.Build.0 = Release|x64
	EndGlobalSection
	GlobalSection(SolutionProperties) = preSolution
		HideSolutionNode = FALSE
	EndGlobalSection
EndGlobal
